// !$*UTF8*$!
{
	archiveVersion = 1;
	classes = {
	};
	objectVersion = 56;
	objects = {

/* Begin PBXBuildFile section */
		4D20C94C2A07D25900C4FB05 /* GoogleService-Info.plist in Resources */ = {isa = PBXBuildFile; fileRef = 4D20C94B2A07D25800C4FB05 /* GoogleService-Info.plist */; };
		4D3F41C229CDD7F500AD0AC5 /* AppDelegate.swift in Sources */ = {isa = PBXBuildFile; fileRef = 4D3F41C129CDD7F500AD0AC5 /* AppDelegate.swift */; };
		4D3F41C429CDD7F500AD0AC5 /* SceneDelegate.swift in Sources */ = {isa = PBXBuildFile; fileRef = 4D3F41C329CDD7F500AD0AC5 /* SceneDelegate.swift */; };
		4D3F41C629CDD7F500AD0AC5 /* ViewController.swift in Sources */ = {isa = PBXBuildFile; fileRef = 4D3F41C529CDD7F500AD0AC5 /* ViewController.swift */; };
		4D3F41C929CDD7F500AD0AC5 /* Main.storyboard in Resources */ = {isa = PBXBuildFile; fileRef = 4D3F41C729CDD7F500AD0AC5 /* Main.storyboard */; };
		4D3F41CB29CDD7F600AD0AC5 /* Assets.xcassets in Resources */ = {isa = PBXBuildFile; fileRef = 4D3F41CA29CDD7F600AD0AC5 /* Assets.xcassets */; };
		4D3F41CE29CDD7F600AD0AC5 /* LaunchScreen.storyboard in Resources */ = {isa = PBXBuildFile; fileRef = 4D3F41CC29CDD7F600AD0AC5 /* LaunchScreen.storyboard */; };
		4D3F41D629CE246F00AD0AC5 /* MainViewController.swift in Sources */ = {isa = PBXBuildFile; fileRef = 4D3F41D529CE246F00AD0AC5 /* MainViewController.swift */; };
		4D5991AB2A029C3700693FD5 /* FavoritesViewController.swift in Sources */ = {isa = PBXBuildFile; fileRef = 4D5991AA2A029C3700693FD5 /* FavoritesViewController.swift */; };
		4DB595BD2A0BCE6E004608F1 /* SignUpViewController.swift in Sources */ = {isa = PBXBuildFile; fileRef = 4DB595BC2A0BCE6E004608F1 /* SignUpViewController.swift */; };
		4DB595C02A0BCEAC004608F1 /* Enum.swift in Sources */ = {isa = PBXBuildFile; fileRef = 4DB595BE2A0BCEAC004608F1 /* Enum.swift */; };
		4DB595C12A0BCEAC004608F1 /* Util.swift in Sources */ = {isa = PBXBuildFile; fileRef = 4DB595BF2A0BCEAC004608F1 /* Util.swift */; };
		4DB8F16A29DC540F00367A80 /* DetailViewCell.swift in Sources */ = {isa = PBXBuildFile; fileRef = 4DB8F16829DC540F00367A80 /* DetailViewCell.swift */; };
		4DB8F16B29DC540F00367A80 /* DetailViewCell.xib in Resources */ = {isa = PBXBuildFile; fileRef = 4DB8F16929DC540F00367A80 /* DetailViewCell.xib */; };
		4DB8F17029E3528700367A80 /* ServiceHelper.swift in Sources */ = {isa = PBXBuildFile; fileRef = 4DB8F16F29E3528700367A80 /* ServiceHelper.swift */; };
		4DB8F17429E3E8AA00367A80 /* Movie.swift in Sources */ = {isa = PBXBuildFile; fileRef = 4DB8F17329E3E8AA00367A80 /* Movie.swift */; };
		4DB8F17929E6A24600367A80 /* Alamofire in Frameworks */ = {isa = PBXBuildFile; productRef = 4DB8F17829E6A24600367A80 /* Alamofire */; };
		4DB8F17B29E6AABE00367A80 /* MovieViewModel.swift in Sources */ = {isa = PBXBuildFile; fileRef = 4DB8F17A29E6AABE00367A80 /* MovieViewModel.swift */; };
		4DFD5D022A010FE30034CC4C /* loading.gif in Resources */ = {isa = PBXBuildFile; fileRef = 4DFD5D012A010FE30034CC4C /* loading.gif */; };
		4DFD5D042A0112770034CC4C /* load.gif in Resources */ = {isa = PBXBuildFile; fileRef = 4DFD5D032A0112760034CC4C /* load.gif */; };
		563193D98F6633E72BEBAAB9 /* Pods_WatchTime.framework in Frameworks */ = {isa = PBXBuildFile; fileRef = 64407FD5AD368E2950452EF6 /* Pods_WatchTime.framework */; };
		A8189C4129F6A1D500150088 /* Kingfisher in Frameworks */ = {isa = PBXBuildFile; productRef = A8189C4029F6A1D500150088 /* Kingfisher */; };
		A87885A229D17C3800320613 /* TableViewCell.swift in Sources */ = {isa = PBXBuildFile; fileRef = A87885A029D17C3800320613 /* TableViewCell.swift */; };
		A87885A329D17C3800320613 /* TableViewCell.xib in Resources */ = {isa = PBXBuildFile; fileRef = A87885A129D17C3800320613 /* TableViewCell.xib */; };
		A87885A529D1C0F300320613 /* UILabelPadding.swift in Sources */ = {isa = PBXBuildFile; fileRef = A87885A429D1C0F300320613 /* UILabelPadding.swift */; };
		A87885A829D3614E00320613 /* HorizontalCollectionViewCell.swift in Sources */ = {isa = PBXBuildFile; fileRef = A87885A629D3614E00320613 /* HorizontalCollectionViewCell.swift */; };
		A87885B129D588F300320613 /* DetailViewController.swift in Sources */ = {isa = PBXBuildFile; fileRef = A87885B029D588F300320613 /* DetailViewController.swift */; };
		A8A221D129DC48EA005FB92C /* HorizontalCollectionViewCell.xib in Resources */ = {isa = PBXBuildFile; fileRef = A8A221D029DC48EA005FB92C /* HorizontalCollectionViewCell.xib */; };
		A8C8E15E29ED8205007D5207 /* Service.swift in Sources */ = {isa = PBXBuildFile; fileRef = A8C8E15D29ED8205007D5207 /* Service.swift */; };
/* End PBXBuildFile section */

/* Begin PBXFileReference section */
		441542B944E303F71BA144F5 /* Pods-WatchTime.release.xcconfig */ = {isa = PBXFileReference; includeInIndex = 1; lastKnownFileType = text.xcconfig; name = "Pods-WatchTime.release.xcconfig"; path = "Target Support Files/Pods-WatchTime/Pods-WatchTime.release.xcconfig"; sourceTree = "<group>"; };
		4D20C94B2A07D25800C4FB05 /* GoogleService-Info.plist */ = {isa = PBXFileReference; fileEncoding = 4; lastKnownFileType = text.plist.xml; path = "GoogleService-Info.plist"; sourceTree = "<group>"; };
		4D3F41BE29CDD7F500AD0AC5 /* WatchTime.app */ = {isa = PBXFileReference; explicitFileType = wrapper.application; includeInIndex = 0; path = WatchTime.app; sourceTree = BUILT_PRODUCTS_DIR; };
		4D3F41C129CDD7F500AD0AC5 /* AppDelegate.swift */ = {isa = PBXFileReference; lastKnownFileType = sourcecode.swift; path = AppDelegate.swift; sourceTree = "<group>"; };
		4D3F41C329CDD7F500AD0AC5 /* SceneDelegate.swift */ = {isa = PBXFileReference; lastKnownFileType = sourcecode.swift; path = SceneDelegate.swift; sourceTree = "<group>"; };
		4D3F41C529CDD7F500AD0AC5 /* ViewController.swift */ = {isa = PBXFileReference; lastKnownFileType = sourcecode.swift; path = ViewController.swift; sourceTree = "<group>"; };
		4D3F41C829CDD7F500AD0AC5 /* Base */ = {isa = PBXFileReference; lastKnownFileType = file.storyboard; name = Base; path = Base.lproj/Main.storyboard; sourceTree = "<group>"; };
		4D3F41CA29CDD7F600AD0AC5 /* Assets.xcassets */ = {isa = PBXFileReference; lastKnownFileType = folder.assetcatalog; path = Assets.xcassets; sourceTree = "<group>"; };
		4D3F41CD29CDD7F600AD0AC5 /* Base */ = {isa = PBXFileReference; lastKnownFileType = file.storyboard; name = Base; path = Base.lproj/LaunchScreen.storyboard; sourceTree = "<group>"; };
		4D3F41CF29CDD7F600AD0AC5 /* Info.plist */ = {isa = PBXFileReference; lastKnownFileType = text.plist.xml; path = Info.plist; sourceTree = "<group>"; };
		4D3F41D529CE246F00AD0AC5 /* MainViewController.swift */ = {isa = PBXFileReference; lastKnownFileType = sourcecode.swift; path = MainViewController.swift; sourceTree = "<group>"; };
		4D5991AA2A029C3700693FD5 /* FavoritesViewController.swift */ = {isa = PBXFileReference; lastKnownFileType = sourcecode.swift; path = FavoritesViewController.swift; sourceTree = "<group>"; };
		4DB595BC2A0BCE6E004608F1 /* SignUpViewController.swift */ = {isa = PBXFileReference; lastKnownFileType = sourcecode.swift; path = SignUpViewController.swift; sourceTree = "<group>"; };
		4DB595BE2A0BCEAC004608F1 /* Enum.swift */ = {isa = PBXFileReference; fileEncoding = 4; lastKnownFileType = sourcecode.swift; path = Enum.swift; sourceTree = "<group>"; };
		4DB595BF2A0BCEAC004608F1 /* Util.swift */ = {isa = PBXFileReference; fileEncoding = 4; lastKnownFileType = sourcecode.swift; path = Util.swift; sourceTree = "<group>"; };
		4DB8F16829DC540F00367A80 /* DetailViewCell.swift */ = {isa = PBXFileReference; lastKnownFileType = sourcecode.swift; path = DetailViewCell.swift; sourceTree = "<group>"; };
		4DB8F16929DC540F00367A80 /* DetailViewCell.xib */ = {isa = PBXFileReference; lastKnownFileType = file.xib; path = DetailViewCell.xib; sourceTree = "<group>"; };
		4DB8F16F29E3528700367A80 /* ServiceHelper.swift */ = {isa = PBXFileReference; lastKnownFileType = sourcecode.swift; path = ServiceHelper.swift; sourceTree = "<group>"; };
		4DB8F17329E3E8AA00367A80 /* Movie.swift */ = {isa = PBXFileReference; lastKnownFileType = sourcecode.swift; path = Movie.swift; sourceTree = "<group>"; };
		4DB8F17A29E6AABE00367A80 /* MovieViewModel.swift */ = {isa = PBXFileReference; lastKnownFileType = sourcecode.swift; path = MovieViewModel.swift; sourceTree = "<group>"; };
		4DFD5D012A010FE30034CC4C /* loading.gif */ = {isa = PBXFileReference; lastKnownFileType = image.gif; path = loading.gif; sourceTree = "<group>"; };
		4DFD5D032A0112760034CC4C /* load.gif */ = {isa = PBXFileReference; lastKnownFileType = image.gif; path = load.gif; sourceTree = "<group>"; };
		64407FD5AD368E2950452EF6 /* Pods_WatchTime.framework */ = {isa = PBXFileReference; explicitFileType = wrapper.framework; includeInIndex = 0; path = Pods_WatchTime.framework; sourceTree = BUILT_PRODUCTS_DIR; };
		A87885A029D17C3800320613 /* TableViewCell.swift */ = {isa = PBXFileReference; lastKnownFileType = sourcecode.swift; path = TableViewCell.swift; sourceTree = "<group>"; };
		A87885A129D17C3800320613 /* TableViewCell.xib */ = {isa = PBXFileReference; lastKnownFileType = file.xib; path = TableViewCell.xib; sourceTree = "<group>"; };
		A87885A429D1C0F300320613 /* UILabelPadding.swift */ = {isa = PBXFileReference; lastKnownFileType = sourcecode.swift; path = UILabelPadding.swift; sourceTree = "<group>"; };
		A87885A629D3614E00320613 /* HorizontalCollectionViewCell.swift */ = {isa = PBXFileReference; lastKnownFileType = sourcecode.swift; path = HorizontalCollectionViewCell.swift; sourceTree = "<group>"; };
		A87885B029D588F300320613 /* DetailViewController.swift */ = {isa = PBXFileReference; lastKnownFileType = sourcecode.swift; path = DetailViewController.swift; sourceTree = "<group>"; };
		A8A221D029DC48EA005FB92C /* HorizontalCollectionViewCell.xib */ = {isa = PBXFileReference; fileEncoding = 4; lastKnownFileType = file.xib; path = HorizontalCollectionViewCell.xib; sourceTree = "<group>"; };
		A8C8E15D29ED8205007D5207 /* Service.swift */ = {isa = PBXFileReference; lastKnownFileType = sourcecode.swift; path = Service.swift; sourceTree = "<group>"; };
		B9C55AFCD953540DDA0A17D6 /* Pods-WatchTime.debug.xcconfig */ = {isa = PBXFileReference; includeInIndex = 1; lastKnownFileType = text.xcconfig; name = "Pods-WatchTime.debug.xcconfig"; path = "Target Support Files/Pods-WatchTime/Pods-WatchTime.debug.xcconfig"; sourceTree = "<group>"; };
/* End PBXFileReference section */

/* Begin PBXFrameworksBuildPhase section */
		4D3F41BB29CDD7F500AD0AC5 /* Frameworks */ = {
			isa = PBXFrameworksBuildPhase;
			buildActionMask = 2147483647;
			files = (
				A8189C4129F6A1D500150088 /* Kingfisher in Frameworks */,
				4DB8F17929E6A24600367A80 /* Alamofire in Frameworks */,
				563193D98F6633E72BEBAAB9 /* Pods_WatchTime.framework in Frameworks */,
			);
			runOnlyForDeploymentPostprocessing = 0;
		};
/* End PBXFrameworksBuildPhase section */

/* Begin PBXGroup section */
		4D3F41B529CDD7F500AD0AC5 = {
			isa = PBXGroup;
			children = (
				4D3F41C029CDD7F500AD0AC5 /* WatchTime */,
				4D3F41BF29CDD7F500AD0AC5 /* Products */,
				7C5D9F9A4B7740B07A36E481 /* Pods */,
				90928D5971E5D5EFA645FE47 /* Frameworks */,
			);
			sourceTree = "<group>";
		};
		4D3F41BF29CDD7F500AD0AC5 /* Products */ = {
			isa = PBXGroup;
			children = (
				4D3F41BE29CDD7F500AD0AC5 /* WatchTime.app */,
			);
			name = Products;
			sourceTree = "<group>";
		};
		4D3F41C029CDD7F500AD0AC5 /* WatchTime */ = {
			isa = PBXGroup;
			children = (
				A8C8E15C29ED81F6007D5207 /* Network */,
				4DB8F17229E3538F00367A80 /* Utils */,
				4DB8F16D29E34A9D00367A80 /* View Model */,
				4DB8F16C29E34A9300367A80 /* Model */,
				A87885AE29D45F6500320613 /* View */,
				4D3F41C129CDD7F500AD0AC5 /* AppDelegate.swift */,
				4D3F41C329CDD7F500AD0AC5 /* SceneDelegate.swift */,
				4DFD5D012A010FE30034CC4C /* loading.gif */,
				4DFD5D032A0112760034CC4C /* load.gif */,
				4D3F41CA29CDD7F600AD0AC5 /* Assets.xcassets */,
				4D3F41CC29CDD7F600AD0AC5 /* LaunchScreen.storyboard */,
				4D3F41CF29CDD7F600AD0AC5 /* Info.plist */,
				4D20C94B2A07D25800C4FB05 /* GoogleService-Info.plist */,
			);
			path = WatchTime;
			sourceTree = "<group>";
		};
		4DB8F16C29E34A9300367A80 /* Model */ = {
			isa = PBXGroup;
			children = (
				4DB8F17329E3E8AA00367A80 /* Movie.swift */,
			);
			path = Model;
			sourceTree = "<group>";
		};
		4DB8F16D29E34A9D00367A80 /* View Model */ = {
			isa = PBXGroup;
			children = (
				4DB8F17A29E6AABE00367A80 /* MovieViewModel.swift */,
			);
			path = "View Model";
			sourceTree = "<group>";
		};
		4DB8F17129E352A100367A80 /* Xib */ = {
			isa = PBXGroup;
			children = (
				4D3F41C729CDD7F500AD0AC5 /* Main.storyboard */,
				A87885A129D17C3800320613 /* TableViewCell.xib */,
				4DB8F16929DC540F00367A80 /* DetailViewCell.xib */,
				A8A221D029DC48EA005FB92C /* HorizontalCollectionViewCell.xib */,
			);
			path = Xib;
			sourceTree = "<group>";
		};
		4DB8F17229E3538F00367A80 /* Utils */ = {
			isa = PBXGroup;
			children = (
				4DB595BF2A0BCEAC004608F1 /* Util.swift */,
				4DB595BE2A0BCEAC004608F1 /* Enum.swift */,
				A87885A429D1C0F300320613 /* UILabelPadding.swift */,
			);
			path = Utils;
			sourceTree = "<group>";
		};
		7C5D9F9A4B7740B07A36E481 /* Pods */ = {
			isa = PBXGroup;
			children = (
				B9C55AFCD953540DDA0A17D6 /* Pods-WatchTime.debug.xcconfig */,
				441542B944E303F71BA144F5 /* Pods-WatchTime.release.xcconfig */,
			);
			path = Pods;
			sourceTree = "<group>";
		};
		90928D5971E5D5EFA645FE47 /* Frameworks */ = {
			isa = PBXGroup;
			children = (
				64407FD5AD368E2950452EF6 /* Pods_WatchTime.framework */,
			);
			name = Frameworks;
			sourceTree = "<group>";
		};
		A87885AE29D45F6500320613 /* View */ = {
			isa = PBXGroup;
			children = (
				4DB8F17129E352A100367A80 /* Xib */,
				A87885AF29D45F7600320613 /* Cell */,
				4D3F41C529CDD7F500AD0AC5 /* ViewController.swift */,
				4D3F41D529CE246F00AD0AC5 /* MainViewController.swift */,
				A87885B029D588F300320613 /* DetailViewController.swift */,
				4D5991AA2A029C3700693FD5 /* FavoritesViewController.swift */,
				4DB595BC2A0BCE6E004608F1 /* SignUpViewController.swift */,
			);
			path = View;
			sourceTree = "<group>";
		};
		A87885AF29D45F7600320613 /* Cell */ = {
			isa = PBXGroup;
			children = (
				4DB8F16829DC540F00367A80 /* DetailViewCell.swift */,
				A87885A029D17C3800320613 /* TableViewCell.swift */,
				A87885A629D3614E00320613 /* HorizontalCollectionViewCell.swift */,
			);
			path = Cell;
			sourceTree = "<group>";
		};
		A8C8E15C29ED81F6007D5207 /* Network */ = {
			isa = PBXGroup;
			children = (
				A8C8E15D29ED8205007D5207 /* Service.swift */,
				4DB8F16F29E3528700367A80 /* ServiceHelper.swift */,
			);
			path = Network;
			sourceTree = "<group>";
		};
/* End PBXGroup section */

/* Begin PBXNativeTarget section */
		4D3F41BD29CDD7F500AD0AC5 /* WatchTime */ = {
			isa = PBXNativeTarget;
			buildConfigurationList = 4D3F41D229CDD7F600AD0AC5 /* Build configuration list for PBXNativeTarget "WatchTime" */;
			buildPhases = (
				F4FF921A659A9C0788A290F7 /* [CP] Check Pods Manifest.lock */,
				4D3F41BA29CDD7F500AD0AC5 /* Sources */,
				4D3F41BB29CDD7F500AD0AC5 /* Frameworks */,
				4D3F41BC29CDD7F500AD0AC5 /* Resources */,
				4C132A653577CAEE511F982D /* [CP] Embed Pods Frameworks */,
			);
			buildRules = (
			);
			dependencies = (
			);
			name = WatchTime;
			packageProductDependencies = (
				4DB8F17829E6A24600367A80 /* Alamofire */,
				A8189C4029F6A1D500150088 /* Kingfisher */,
			);
			productName = WatchTime;
			productReference = 4D3F41BE29CDD7F500AD0AC5 /* WatchTime.app */;
			productType = "com.apple.product-type.application";
		};
/* End PBXNativeTarget section */

/* Begin PBXProject section */
		4D3F41B629CDD7F500AD0AC5 /* Project object */ = {
			isa = PBXProject;
			attributes = {
				BuildIndependentTargetsInParallel = 1;
				LastSwiftUpdateCheck = 1410;
				LastUpgradeCheck = 1410;
				TargetAttributes = {
					4D3F41BD29CDD7F500AD0AC5 = {
						CreatedOnToolsVersion = 14.1;
					};
				};
			};
			buildConfigurationList = 4D3F41B929CDD7F500AD0AC5 /* Build configuration list for PBXProject "WatchTime" */;
			compatibilityVersion = "Xcode 14.0";
			developmentRegion = en;
			hasScannedForEncodings = 0;
			knownRegions = (
				en,
				Base,
			);
			mainGroup = 4D3F41B529CDD7F500AD0AC5;
			packageReferences = (
				4DB8F17729E6A24600367A80 /* XCRemoteSwiftPackageReference "Alamofire" */,
				A8189C3F29F6A1D500150088 /* XCRemoteSwiftPackageReference "Kingfisher" */,
			);
			productRefGroup = 4D3F41BF29CDD7F500AD0AC5 /* Products */;
			projectDirPath = "";
			projectRoot = "";
			targets = (
				4D3F41BD29CDD7F500AD0AC5 /* WatchTime */,
			);
		};
/* End PBXProject section */

/* Begin PBXResourcesBuildPhase section */
		4D3F41BC29CDD7F500AD0AC5 /* Resources */ = {
			isa = PBXResourcesBuildPhase;
			buildActionMask = 2147483647;
			files = (
				A87885A329D17C3800320613 /* TableViewCell.xib in Resources */,
				4D3F41CE29CDD7F600AD0AC5 /* LaunchScreen.storyboard in Resources */,
				4D20C94C2A07D25900C4FB05 /* GoogleService-Info.plist in Resources */,
				4D3F41CB29CDD7F600AD0AC5 /* Assets.xcassets in Resources */,
				4DB8F16B29DC540F00367A80 /* DetailViewCell.xib in Resources */,
				4DFD5D042A0112770034CC4C /* load.gif in Resources */,
				4DFD5D022A010FE30034CC4C /* loading.gif in Resources */,
				A8A221D129DC48EA005FB92C /* HorizontalCollectionViewCell.xib in Resources */,
				4D3F41C929CDD7F500AD0AC5 /* Main.storyboard in Resources */,
			);
			runOnlyForDeploymentPostprocessing = 0;
		};
/* End PBXResourcesBuildPhase section */

/* Begin PBXShellScriptBuildPhase section */
		4C132A653577CAEE511F982D /* [CP] Embed Pods Frameworks */ = {
			isa = PBXShellScriptBuildPhase;
			buildActionMask = 2147483647;
			files = (
			);
			inputFileListPaths = (
				"${PODS_ROOT}/Target Support Files/Pods-WatchTime/Pods-WatchTime-frameworks-${CONFIGURATION}-input-files.xcfilelist",
			);
			name = "[CP] Embed Pods Frameworks";
			outputFileListPaths = (
				"${PODS_ROOT}/Target Support Files/Pods-WatchTime/Pods-WatchTime-frameworks-${CONFIGURATION}-output-files.xcfilelist",
			);
			runOnlyForDeploymentPostprocessing = 0;
			shellPath = /bin/sh;
			shellScript = "\"${PODS_ROOT}/Target Support Files/Pods-WatchTime/Pods-WatchTime-frameworks.sh\"\n";
			showEnvVarsInLog = 0;
		};
		F4FF921A659A9C0788A290F7 /* [CP] Check Pods Manifest.lock */ = {
			isa = PBXShellScriptBuildPhase;
			buildActionMask = 2147483647;
			files = (
			);
			inputFileListPaths = (
			);
			inputPaths = (
				"${PODS_PODFILE_DIR_PATH}/Podfile.lock",
				"${PODS_ROOT}/Manifest.lock",
			);
			name = "[CP] Check Pods Manifest.lock";
			outputFileListPaths = (
			);
			outputPaths = (
				"$(DERIVED_FILE_DIR)/Pods-WatchTime-checkManifestLockResult.txt",
			);
			runOnlyForDeploymentPostprocessing = 0;
			shellPath = /bin/sh;
			shellScript = "diff \"${PODS_PODFILE_DIR_PATH}/Podfile.lock\" \"${PODS_ROOT}/Manifest.lock\" > /dev/null\nif [ $? != 0 ] ; then\n    # print error to STDERR\n    echo \"error: The sandbox is not in sync with the Podfile.lock. Run 'pod install' or update your CocoaPods installation.\" >&2\n    exit 1\nfi\n# This output is used by Xcode 'outputs' to avoid re-running this script phase.\necho \"SUCCESS\" > \"${SCRIPT_OUTPUT_FILE_0}\"\n";
			showEnvVarsInLog = 0;
		};
/* End PBXShellScriptBuildPhase section */

/* Begin PBXSourcesBuildPhase section */
		4D3F41BA29CDD7F500AD0AC5 /* Sources */ = {
			isa = PBXSourcesBuildPhase;
			buildActionMask = 2147483647;
			files = (
				A8C8E15E29ED8205007D5207 /* Service.swift in Sources */,
				A87885A529D1C0F300320613 /* UILabelPadding.swift in Sources */,
				A87885A229D17C3800320613 /* TableViewCell.swift in Sources */,
				4D3F41C629CDD7F500AD0AC5 /* ViewController.swift in Sources */,
				A87885A829D3614E00320613 /* HorizontalCollectionViewCell.swift in Sources */,
				4D3F41C229CDD7F500AD0AC5 /* AppDelegate.swift in Sources */,
				4DB595C12A0BCEAC004608F1 /* Util.swift in Sources */,
				4DB8F17029E3528700367A80 /* ServiceHelper.swift in Sources */,
				4D3F41C429CDD7F500AD0AC5 /* SceneDelegate.swift in Sources */,
				4D5991AB2A029C3700693FD5 /* FavoritesViewController.swift in Sources */,
				4DB8F16A29DC540F00367A80 /* DetailViewCell.swift in Sources */,
				4DB595C02A0BCEAC004608F1 /* Enum.swift in Sources */,
				4DB595BD2A0BCE6E004608F1 /* SignUpViewController.swift in Sources */,
				4D3F41D629CE246F00AD0AC5 /* MainViewController.swift in Sources */,
				4DB8F17429E3E8AA00367A80 /* Movie.swift in Sources */,
				A87885B129D588F300320613 /* DetailViewController.swift in Sources */,
				4DB8F17B29E6AABE00367A80 /* MovieViewModel.swift in Sources */,
			);
			runOnlyForDeploymentPostprocessing = 0;
		};
/* End PBXSourcesBuildPhase section */

/* Begin PBXVariantGroup section */
		4D3F41C729CDD7F500AD0AC5 /* Main.storyboard */ = {
			isa = PBXVariantGroup;
			children = (
				4D3F41C829CDD7F500AD0AC5 /* Base */,
			);
			name = Main.storyboard;
			sourceTree = "<group>";
		};
		4D3F41CC29CDD7F600AD0AC5 /* LaunchScreen.storyboard */ = {
			isa = PBXVariantGroup;
			children = (
				4D3F41CD29CDD7F600AD0AC5 /* Base */,
			);
			name = LaunchScreen.storyboard;
			sourceTree = "<group>";
		};
/* End PBXVariantGroup section */

/* Begin XCBuildConfiguration section */
		4D3F41D029CDD7F600AD0AC5 /* Debug */ = {
			isa = XCBuildConfiguration;
			buildSettings = {
				ALWAYS_SEARCH_USER_PATHS = NO;
				CLANG_ANALYZER_NONNULL = YES;
				CLANG_ANALYZER_NUMBER_OBJECT_CONVERSION = YES_AGGRESSIVE;
				CLANG_CXX_LANGUAGE_STANDARD = "gnu++20";
				CLANG_ENABLE_MODULES = YES;
				CLANG_ENABLE_OBJC_ARC = YES;
				CLANG_ENABLE_OBJC_WEAK = YES;
				CLANG_WARN_BLOCK_CAPTURE_AUTORELEASING = YES;
				CLANG_WARN_BOOL_CONVERSION = YES;
				CLANG_WARN_COMMA = YES;
				CLANG_WARN_CONSTANT_CONVERSION = YES;
				CLANG_WARN_DEPRECATED_OBJC_IMPLEMENTATIONS = YES;
				CLANG_WARN_DIRECT_OBJC_ISA_USAGE = YES_ERROR;
				CLANG_WARN_DOCUMENTATION_COMMENTS = YES;
				CLANG_WARN_EMPTY_BODY = YES;
				CLANG_WARN_ENUM_CONVERSION = YES;
				CLANG_WARN_INFINITE_RECURSION = YES;
				CLANG_WARN_INT_CONVERSION = YES;
				CLANG_WARN_NON_LITERAL_NULL_CONVERSION = YES;
				CLANG_WARN_OBJC_IMPLICIT_RETAIN_SELF = YES;
				CLANG_WARN_OBJC_LITERAL_CONVERSION = YES;
				CLANG_WARN_OBJC_ROOT_CLASS = YES_ERROR;
				CLANG_WARN_QUOTED_INCLUDE_IN_FRAMEWORK_HEADER = YES;
				CLANG_WARN_RANGE_LOOP_ANALYSIS = YES;
				CLANG_WARN_STRICT_PROTOTYPES = YES;
				CLANG_WARN_SUSPICIOUS_MOVE = YES;
				CLANG_WARN_UNGUARDED_AVAILABILITY = YES_AGGRESSIVE;
				CLANG_WARN_UNREACHABLE_CODE = YES;
				CLANG_WARN__DUPLICATE_METHOD_MATCH = YES;
				COPY_PHASE_STRIP = NO;
				DEBUG_INFORMATION_FORMAT = dwarf;
				ENABLE_STRICT_OBJC_MSGSEND = YES;
				ENABLE_TESTABILITY = YES;
				GCC_C_LANGUAGE_STANDARD = gnu11;
				GCC_DYNAMIC_NO_PIC = NO;
				GCC_NO_COMMON_BLOCKS = YES;
				GCC_OPTIMIZATION_LEVEL = 0;
				GCC_PREPROCESSOR_DEFINITIONS = (
					"DEBUG=1",
					"$(inherited)",
				);
				GCC_WARN_64_TO_32_BIT_CONVERSION = YES;
				GCC_WARN_ABOUT_RETURN_TYPE = YES_ERROR;
				GCC_WARN_UNDECLARED_SELECTOR = YES;
				GCC_WARN_UNINITIALIZED_AUTOS = YES_AGGRESSIVE;
				GCC_WARN_UNUSED_FUNCTION = YES;
				GCC_WARN_UNUSED_VARIABLE = YES;
				IPHONEOS_DEPLOYMENT_TARGET = 16.1;
				MTL_ENABLE_DEBUG_INFO = INCLUDE_SOURCE;
				MTL_FAST_MATH = YES;
				ONLY_ACTIVE_ARCH = YES;
				SDKROOT = iphoneos;
				SWIFT_ACTIVE_COMPILATION_CONDITIONS = DEBUG;
				SWIFT_OPTIMIZATION_LEVEL = "-Onone";
			};
			name = Debug;
		};
		4D3F41D129CDD7F600AD0AC5 /* Release */ = {
			isa = XCBuildConfiguration;
			buildSettings = {
				ALWAYS_SEARCH_USER_PATHS = NO;
				CLANG_ANALYZER_NONNULL = YES;
				CLANG_ANALYZER_NUMBER_OBJECT_CONVERSION = YES_AGGRESSIVE;
				CLANG_CXX_LANGUAGE_STANDARD = "gnu++20";
				CLANG_ENABLE_MODULES = YES;
				CLANG_ENABLE_OBJC_ARC = YES;
				CLANG_ENABLE_OBJC_WEAK = YES;
				CLANG_WARN_BLOCK_CAPTURE_AUTORELEASING = YES;
				CLANG_WARN_BOOL_CONVERSION = YES;
				CLANG_WARN_COMMA = YES;
				CLANG_WARN_CONSTANT_CONVERSION = YES;
				CLANG_WARN_DEPRECATED_OBJC_IMPLEMENTATIONS = YES;
				CLANG_WARN_DIRECT_OBJC_ISA_USAGE = YES_ERROR;
				CLANG_WARN_DOCUMENTATION_COMMENTS = YES;
				CLANG_WARN_EMPTY_BODY = YES;
				CLANG_WARN_ENUM_CONVERSION = YES;
				CLANG_WARN_INFINITE_RECURSION = YES;
				CLANG_WARN_INT_CONVERSION = YES;
				CLANG_WARN_NON_LITERAL_NULL_CONVERSION = YES;
				CLANG_WARN_OBJC_IMPLICIT_RETAIN_SELF = YES;
				CLANG_WARN_OBJC_LITERAL_CONVERSION = YES;
				CLANG_WARN_OBJC_ROOT_CLASS = YES_ERROR;
				CLANG_WARN_QUOTED_INCLUDE_IN_FRAMEWORK_HEADER = YES;
				CLANG_WARN_RANGE_LOOP_ANALYSIS = YES;
				CLANG_WARN_STRICT_PROTOTYPES = YES;
				CLANG_WARN_SUSPICIOUS_MOVE = YES;
				CLANG_WARN_UNGUARDED_AVAILABILITY = YES_AGGRESSIVE;
				CLANG_WARN_UNREACHABLE_CODE = YES;
				CLANG_WARN__DUPLICATE_METHOD_MATCH = YES;
				COPY_PHASE_STRIP = NO;
				DEBUG_INFORMATION_FORMAT = "dwarf-with-dsym";
				ENABLE_NS_ASSERTIONS = NO;
				ENABLE_STRICT_OBJC_MSGSEND = YES;
				GCC_C_LANGUAGE_STANDARD = gnu11;
				GCC_NO_COMMON_BLOCKS = YES;
				GCC_WARN_64_TO_32_BIT_CONVERSION = YES;
				GCC_WARN_ABOUT_RETURN_TYPE = YES_ERROR;
				GCC_WARN_UNDECLARED_SELECTOR = YES;
				GCC_WARN_UNINITIALIZED_AUTOS = YES_AGGRESSIVE;
				GCC_WARN_UNUSED_FUNCTION = YES;
				GCC_WARN_UNUSED_VARIABLE = YES;
				IPHONEOS_DEPLOYMENT_TARGET = 16.1;
				MTL_ENABLE_DEBUG_INFO = NO;
				MTL_FAST_MATH = YES;
				SDKROOT = iphoneos;
				SWIFT_COMPILATION_MODE = wholemodule;
				SWIFT_OPTIMIZATION_LEVEL = "-O";
				VALIDATE_PRODUCT = YES;
			};
			name = Release;
		};
		4D3F41D329CDD7F600AD0AC5 /* Debug */ = {
			isa = XCBuildConfiguration;
			baseConfigurationReference = B9C55AFCD953540DDA0A17D6 /* Pods-WatchTime.debug.xcconfig */;
			buildSettings = {
				ASSETCATALOG_COMPILER_APPICON_NAME = AppIcon;
				ASSETCATALOG_COMPILER_GLOBAL_ACCENT_COLOR_NAME = AccentColor;
				CODE_SIGN_STYLE = Automatic;
				CURRENT_PROJECT_VERSION = 1;
				DEVELOPMENT_TEAM = SKSVZ28VK6;
				GENERATE_INFOPLIST_FILE = YES;
				INFOPLIST_FILE = WatchTime/Info.plist;
				INFOPLIST_KEY_UIApplicationSupportsIndirectInputEvents = YES;
				INFOPLIST_KEY_UILaunchStoryboardName = LaunchScreen;
				INFOPLIST_KEY_UIMainStoryboardFile = Main;
				INFOPLIST_KEY_UISupportedInterfaceOrientations_iPad = "UIInterfaceOrientationPortrait UIInterfaceOrientationPortraitUpsideDown UIInterfaceOrientationLandscapeLeft UIInterfaceOrientationLandscapeRight";
				INFOPLIST_KEY_UISupportedInterfaceOrientations_iPhone = "UIInterfaceOrientationPortrait UIInterfaceOrientationLandscapeLeft UIInterfaceOrientationLandscapeRight";
				LD_RUNPATH_SEARCH_PATHS = (
					"$(inherited)",
					"@executable_path/Frameworks",
				);
				MARKETING_VERSION = 1.0;
				PRODUCT_BUNDLE_IDENTIFIER = busesahinbas.WatchTime;
				PRODUCT_NAME = "$(TARGET_NAME)";
				SWIFT_EMIT_LOC_STRINGS = YES;
				SWIFT_VERSION = 5.0;
				TARGETED_DEVICE_FAMILY = "1,2";
			};
			name = Debug;
		};
		4D3F41D429CDD7F600AD0AC5 /* Release */ = {
			isa = XCBuildConfiguration;
			baseConfigurationReference = 441542B944E303F71BA144F5 /* Pods-WatchTime.release.xcconfig */;
			buildSettings = {
				ASSETCATALOG_COMPILER_APPICON_NAME = AppIcon;
				ASSETCATALOG_COMPILER_GLOBAL_ACCENT_COLOR_NAME = AccentColor;
				CODE_SIGN_STYLE = Automatic;
				CURRENT_PROJECT_VERSION = 1;
				DEVELOPMENT_TEAM = SKSVZ28VK6;
				GENERATE_INFOPLIST_FILE = YES;
				INFOPLIST_FILE = WatchTime/Info.plist;
				INFOPLIST_KEY_UIApplicationSupportsIndirectInputEvents = YES;
				INFOPLIST_KEY_UILaunchStoryboardName = LaunchScreen;
				INFOPLIST_KEY_UIMainStoryboardFile = Main;
				INFOPLIST_KEY_UISupportedInterfaceOrientations_iPad = "UIInterfaceOrientationPortrait UIInterfaceOrientationPortraitUpsideDown UIInterfaceOrientationLandscapeLeft UIInterfaceOrientationLandscapeRight";
				INFOPLIST_KEY_UISupportedInterfaceOrientations_iPhone = "UIInterfaceOrientationPortrait UIInterfaceOrientationLandscapeLeft UIInterfaceOrientationLandscapeRight";
				LD_RUNPATH_SEARCH_PATHS = (
					"$(inherited)",
					"@executable_path/Frameworks",
				);
				MARKETING_VERSION = 1.0;
				PRODUCT_BUNDLE_IDENTIFIER = busesahinbas.WatchTime;
				PRODUCT_NAME = "$(TARGET_NAME)";
				SWIFT_EMIT_LOC_STRINGS = YES;
				SWIFT_VERSION = 5.0;
				TARGETED_DEVICE_FAMILY = "1,2";
			};
			name = Release;
		};
/* End XCBuildConfiguration section */

/* Begin XCConfigurationList section */
		4D3F41B929CDD7F500AD0AC5 /* Build configuration list for PBXProject "WatchTime" */ = {
			isa = XCConfigurationList;
			buildConfigurations = (
				4D3F41D029CDD7F600AD0AC5 /* Debug */,
				4D3F41D129CDD7F600AD0AC5 /* Release */,
			);
			defaultConfigurationIsVisible = 0;
			defaultConfigurationName = Release;
		};
		4D3F41D229CDD7F600AD0AC5 /* Build configuration list for PBXNativeTarget "WatchTime" */ = {
			isa = XCConfigurationList;
			buildConfigurations = (
				4D3F41D329CDD7F600AD0AC5 /* Debug */,
				4D3F41D429CDD7F600AD0AC5 /* Release */,
			);
			defaultConfigurationIsVisible = 0;
			defaultConfigurationName = Release;
		};
/* End XCConfigurationList section */

/* Begin XCRemoteSwiftPackageReference section */
		4DB8F17729E6A24600367A80 /* XCRemoteSwiftPackageReference "Alamofire" */ = {
			isa = XCRemoteSwiftPackageReference;
			repositoryURL = "https://github.com/Alamofire/Alamofire.git";
			requirement = {
				kind = upToNextMajorVersion;
				minimumVersion = 5.0.0;
			};
		};
		A8189C3F29F6A1D500150088 /* XCRemoteSwiftPackageReference "Kingfisher" */ = {
			isa = XCRemoteSwiftPackageReference;
			repositoryURL = "https://github.com/onevcat/Kingfisher.git";
			requirement = {
				kind = upToNextMajorVersion;
				minimumVersion = 7.0.0;
			};
		};
/* End XCRemoteSwiftPackageReference section */

/* Begin XCSwiftPackageProductDependency section */
		4DB8F17829E6A24600367A80 /* Alamofire */ = {
			isa = XCSwiftPackageProductDependency;
			package = 4DB8F17729E6A24600367A80 /* XCRemoteSwiftPackageReference "Alamofire" */;
			productName = Alamofire;
		};
		A8189C4029F6A1D500150088 /* Kingfisher */ = {
			isa = XCSwiftPackageProductDependency;
			package = A8189C3F29F6A1D500150088 /* XCRemoteSwiftPackageReference "Kingfisher" */;
			productName = Kingfisher;
		};
/* End XCSwiftPackageProductDependency section */
	};
	rootObject = 4D3F41B629CDD7F500AD0AC5 /* Project object */;
}
